canon_version: 0.7.0
platform_version: 4865fb603c2122d983b989f58592d47ca17436e8
files:
- path: .kilo/agents/architect.md
  sha256: 01f8197949f0aa34cb180aff44883f237874230ef295fb2a581ae45d6fb474c6
  source: canon
- path: .kilo/agents/coder.md
  sha256: 3bfcb9a24c44e0689f036fc6e123352a0b3b6b1b609b81a3ad8617ef82b9a557
  source: canon
- path: .kilo/agents/explore.md
  sha256: 2c9aad2e20b2be1c4259426e94811fb0bfaa5e51c918779eadaa73421329d555
  source: project
- path: .kilo/agents/qa.md
  sha256: 9693a8fda28bf14d16e85e1ca5853a40a5323f6f64c3384544bcf7e7eb0c211f
  source: canon
- path: .kilo/agents/scanner.md
  sha256: 4b8db5e4b65a9c8ba028d69935c2f0005e09f1929af2e4071db579504b770d14
  source: project
- path: .kilo/agents/sysadmin.md
  sha256: 698f4fea9c9bbf930a968e01430499da66baffe1afb09995dab791ea1f6ad8ce
  source: canon
- path: .kilo/rules/_project.md
  sha256: 4fbee2291135f4c1ea7fab1d964b40ebfdcd67d9454f603012838f1ac5d311af
  source: project
- path: .kilo/rules/artifact-registry.md
  sha256: cce78823f55cec7adebdb31eede654263d0f09d27051e5694cc71b3b4eb005a1
  source: canon
- path: .kilo/rules/bash-output-to-tmp.md
  sha256: e1a54511ddd9a28a6336b2e8c0a2541fa337f31e204a93595e9309763bf46468
  source: canon
- path: .kilo/rules/communication.md
  sha256: 3e42aea74bba3ea1a0a9e9a6edc05f7333fe64237da4253c1c63d9f9d9148794
  source: canon
- path: .kilo/rules/completion.md
  sha256: 0fcde160a330fe747d60780337bd65415ff5960fb2b1dd545c95a545d81db949
  source: canon
- path: .kilo/rules/constitution.md
  sha256: 2b96b30fd6042d7671efdbfca9adaeb74549a1448e1ea3516686ff4e9e5face2
  source: canon
- path: .kilo/rules/doxygen-generic.md
  sha256: 40361e82f3bb7778983af020343056e3710e5ecf8b463d9d032ebff902921f6d
  source: canon
- path: .kilo/rules/fail-fast.md
  sha256: 647e925477330e47a9e6a567153eed0676e7084cf14546ef3f8ae21ff3ec075b
  source: canon
- path: .kilo/rules/markup.md
  sha256: 466d6ede2f50ab5abede465c998ecd1800b3844b5276787c8da7939b85d4d69c
  source: canon
- path: .kilo/rules/mini-diagrams.md
  sha256: a0eddc63b8a4a70fc91e11e52e247444545a8886c7c341d118d2d413e2d4b83b
  source: canon
- path: .kilo/rules/principles.md
  sha256: e42840d5a769a9684e495c56bf4987d027622e7fea9efe53fdeb53b2e07bccad
  source: canon
- path: .kilo/rules/search-escalation.md
  sha256: 10821872d5810c6509218da79a8f5c6a8dffd6fbfb0c60ffab6ac7ef6ae554e3
  source: canon
- path: .kilo/rules/semantic-distillation.md
  sha256: 512f04ca02461c263e56185b46f86e63235d23f1cddc34a4dc9f0ea584f996d0
  source: canon
- path: .kilo/rules/superposition.md
  sha256: 8f816dc4c315e56ecda5a03f94fe42b7e3039bf5d344529061cdd5dd0d387bb4
  source: canon
- path: .kilo/rules/testing-anti-loop.md
  sha256: 43ed0a3086a89b957a13432c9d42ea91f31e979ff4537d0e11632d1b4662127f
  source: canon
- path: .kilo/rules/testing-ldd-telemetry.md
  sha256: a24072ae7d774373431d8a601c64a32b0a82388c1b69ac82ba40ea3d0557f8df
  source: canon
- path: .kilo/rules/testing-pytest-infra.md
  sha256: 32ade05f0420c96cf76760b1683e9d0f3c2c2813ee06b8821cef0b43b6ad086d
  source: canon
- path: .kilo/rules/testing-test-honesty.md
  sha256: 9231644e8e7078d4cd627912c5839ca1e6f902af1b6bcf8220758119f214e802
  source: canon
- path: .kilo/rules/traps-bug.md
  sha256: b1a00b4d3e6c2263f25a174f9233d206bbec74ce29d668ac61332732c6f5113f
  source: canon
- path: .kilo/rules/traps-business.md
  sha256: 624fa84b6e854f55ed26a7792c5e72f85d7701a7f693a575cfd144104c4097b6
  source: canon
- path: .kilo/rules/traps-debt.md
  sha256: d3d2f5bbed2dff542548683e54e696412ceb8d887bb160307a9e9c0209830172
  source: canon
- path: .kilo/rules/traps-decision.md
  sha256: fa89c6c679065534d214a310eca30c7086d22ffd2928fa4e5ddf14a058bf4e01
  source: canon
- path: .kilo/rules/traps-incident.md
  sha256: 2f8ae4c2d818eb9dcd88aebd8780e8966f84e4cb0e792cfc0e3160eff2acdf86
  source: canon
- path: .kilo/rules/traps-perf.md
  sha256: 548992c06cdf5bc60977cb343559523d4b4790f9e1318507758b789897f66377
  source: canon
- path: .kilo/skills/arch-forensics/SKILL.md
  sha256: e527bc7b0f27fbe5ca255de0b87038317fe2b57c4ba79792a25ab0bdfd22edcb
  source: canon
- path: .kilo/skills/arch-patterns/SKILL.md
  sha256: ef84f5ff75d230fab690affd600bc6cdc35c250aad7cda81ea2ac5d5d21a3639
  source: canon
- path: .kilo/skills/data-etl/SKILL.md
  sha256: 3379447097feb0c73adb0ca4d22321b7a6b96cb733af191926123da0afc2b104
  source: canon
- path: .kilo/skills/dev-pipeline/SKILL.md
  sha256: 4076d980e3486a0a882c800ab2c30afa7a83866072856ae1972cec63662071a6
  source: canon
- path: .kilo/skills/doc-protocols/SKILL.md
  sha256: 01486cda081c2f8cfc4bbaf360ae875bf6ee00605e2695ca4452f0ed10750f7b
  source: canon
- path: .kilo/skills/doxygen-python/SKILL.md
  sha256: a7a0c087c66270d0d974924f0715041b440ddb76e187886b9700627a24babe95
  source: canon
- path: .kilo/skills/doxygen-typescript/SKILL.md
  sha256: 4c94231f33ec38a884d068ecb0146d29bb16edb77e133489c4ec70b8a76d138f
  source: canon
- path: .kilo/skills/drift-detection/SKILL.md
  sha256: dc1638224c9b30d1d8c9816ad73c13741dfebd1c93307b529b075ec81cedf1e9
  source: canon
- path: .kilo/skills/python-engineering/SKILL.md
  sha256: 4c5cddf09c1ac1ad7853f614dbbbbe835c2f03dda5a7f627a35da9a027b63154
  source: canon
- path: .kilo/skills/react-engineering/SKILL.md
  sha256: 19db0c0357dc7979c1f57b10fd41e35e15d9946fdb3992c0a3dd02df9d493222
  source: canon
- path: .kilo/skills/role-retrospective/SKILL.md
  sha256: c9a5f30e68d115ea02b0d28e0bb09dfc36a64943feffa913197e6516a5862620
  source: canon
- path: .kilo/skills/superposition/SKILL.md
  sha256: 974b57f2fca8e37222e7b033997329d57493cd2bdd6c473b5c96a9203cb7795a
  source: canon
- path: .kilo/skills/test-auditor/SKILL.md
  sha256: caa1297ef9ec061e7ceb9899dbf638d780786bbdb45f31d3ed422bc1ea117611
  source: canon
- path: core/modules/hermes-agent/build/templates/profiles/platform/skills/arch-forensics/SKILL.md
  sha256: e527bc7b0f27fbe5ca255de0b87038317fe2b57c4ba79792a25ab0bdfd22edcb
  source: hermes
- path: core/modules/hermes-agent/build/templates/profiles/platform/skills/arch-patterns/SKILL.md
  sha256: ef84f5ff75d230fab690affd600bc6cdc35c250aad7cda81ea2ac5d5d21a3639
  source: hermes
- path: core/modules/hermes-agent/build/templates/profiles/platform/skills/data-etl/SKILL.md
  sha256: 3379447097feb0c73adb0ca4d22321b7a6b96cb733af191926123da0afc2b104
  source: hermes
- path: core/modules/hermes-agent/build/templates/profiles/platform/skills/dev-pipeline/SKILL.md
  sha256: 4076d980e3486a0a882c800ab2c30afa7a83866072856ae1972cec63662071a6
  source: hermes
- path: core/modules/hermes-agent/build/templates/profiles/platform/skills/doc-protocols/SKILL.md
  sha256: 01486cda081c2f8cfc4bbaf360ae875bf6ee00605e2695ca4452f0ed10750f7b
  source: hermes
- path: core/modules/hermes-agent/build/templates/profiles/platform/skills/doxygen-python/SKILL.md
  sha256: a7a0c087c66270d0d974924f0715041b440ddb76e187886b9700627a24babe95
  source: hermes
- path: core/modules/hermes-agent/build/templates/profiles/platform/skills/doxygen-typescript/SKILL.md
  sha256: 4c94231f33ec38a884d068ecb0146d29bb16edb77e133489c4ec70b8a76d138f
  source: hermes
- path: core/modules/hermes-agent/build/templates/profiles/platform/skills/drift-detection/SKILL.md
  sha256: dc1638224c9b30d1d8c9816ad73c13741dfebd1c93307b529b075ec81cedf1e9
  source: hermes
- path: core/modules/hermes-agent/build/templates/profiles/platform/skills/python-engineering/SKILL.md
  sha256: 4c5cddf09c1ac1ad7853f614dbbbbe835c2f03dda5a7f627a35da9a027b63154
  source: hermes
- path: core/modules/hermes-agent/build/templates/profiles/platform/skills/react-engineering/SKILL.md
  sha256: 19db0c0357dc7979c1f57b10fd41e35e15d9946fdb3992c0a3dd02df9d493222
  source: hermes
- path: core/modules/hermes-agent/build/templates/profiles/platform/skills/role-architect/SKILL.md
  sha256: 6f8cab3067c64d9f274105dc0dcbaf6fc8a618889a89dde5bbded9d98ad6aaa6
  source: hermes
- path: core/modules/hermes-agent/build/templates/profiles/platform/skills/role-coder/SKILL.md
  sha256: f3e4c4bc16f0c96f53cd837309a236305fc00db67bbb5284a4ed6808217262e5
  source: hermes
- path: core/modules/hermes-agent/build/templates/profiles/platform/skills/role-qa/SKILL.md
  sha256: 8e8adcf44c0281318bc21045508108f76f5000b92b9ffb0baffaabdc195734bb
  source: hermes
- path: core/modules/hermes-agent/build/templates/profiles/platform/skills/role-retrospective/SKILL.md
  sha256: c9a5f30e68d115ea02b0d28e0bb09dfc36a64943feffa913197e6516a5862620
  source: hermes
- path: core/modules/hermes-agent/build/templates/profiles/platform/skills/role-sysadmin/SKILL.md
  sha256: ecff72eda97ce8b25cd0a69b3efe4e5802cbb15feb55ab9fb431cddd2e914d76
  source: hermes
- path: core/modules/hermes-agent/build/templates/profiles/platform/skills/superposition/SKILL.md
  sha256: 974b57f2fca8e37222e7b033997329d57493cd2bdd6c473b5c96a9203cb7795a
  source: hermes
- path: core/modules/hermes-agent/build/templates/profiles/platform/skills/test-auditor/SKILL.md
  sha256: caa1297ef9ec061e7ceb9899dbf638d780786bbdb45f31d3ed422bc1ea117611
  source: hermes
