# GENERATED by ai-platform practices — DO NOT EDIT (make project-sync-practices)
# GREP_SUMMARY: practices.lock, version, level, state, generator_hash, maturity
version: 1
level: auto
state: baseline
maturity:
  age_days: 0
  code_files: 0
generated_at: '2026-08-05T00:00:00Z'
generator_hash: sha256:ab6840e6df759b92f0704f9bbd19275fb9da16487f2c05491ae8b1133b211fe7
language: frontend
files:
  .pre-commit-config.yaml: sha256:3965434f3a4e2e33f5d03a115fa55cff25041de5e90d9eb0409d16d27a187c0b
  tests/conftest.py: sha256:0ca7140eab42b6c6663e80ea568dd772fe43bcc9760b97c5cc1fefa9bd12520c
  tests/test_health.py: sha256:02762fb58260512accfdade725c80cb67b74c8413debcc98d6f77db952d91a4b
