# GENERATED by ai-platform practices — DO NOT EDIT (make project-sync-practices)
# GREP_SUMMARY: practices.lock, version, level, state, generator_hash, maturity
version: 1
level: auto
state: baseline
maturity:
  age_days: 0
  code_files: 0
generated_at: '2026-08-05T00:00:00Z'
generator_hash: sha256:4866a37f4900c93e19182d741f3955b66232a084b3e5fe8ee8e123fa8fd9ffd5
language: fullstack
files:
  pyproject.toml: sha256:6755bf3c5348413b3d9fe29abfd93d98430dc751f1a2efe77283029c7281b997
  .pre-commit-config.yaml: sha256:f5cb12bebf290a0074b7620b7f6f80a7bc4ef21fcc7205559bfbd3650d08bda3
  tests/conftest.py: sha256:0ca7140eab42b6c6663e80ea568dd772fe43bcc9760b97c5cc1fefa9bd12520c
  tests/test_health.py: sha256:02762fb58260512accfdade725c80cb67b74c8413debcc98d6f77db952d91a4b
